<?xml version="1.0" encoding="utf-8"?>
<Project ToolsVersion="4.0" xmlns="http://schemas.microsoft.com/developer/msbuild/2003">
  <ItemGroup>
    <Filter Include="Source Files">
      <UniqueIdentifier>{4FC737F1-C7A5-4376-A066-2A32D752A2FF}</UniqueIdentifier>
      <Extensions>cpp;c;cc;cxx;def;odl;idl;hpj;bat;asm;asmx</Extensions>
    </Filter>
    <Filter Include="_Framework">
      <UniqueIdentifier>{92fb07d5-6f80-4f10-a521-65a42563dd32}</UniqueIdentifier>
    </Filter>
    <Filter Include="_Lib">
      <UniqueIdentifier>{95a89fef-6150-4d1a-8a86-cf137faec390}</UniqueIdentifier>
    </Filter>
  </ItemGroup>
  <ItemGroup>
    <ClCompile Include="main.cpp">
      <Filter>Source Files</Filter>
    </ClCompile>
    <ClCompile Include="Actuator.cpp">
      <Filter>Source Files</Filter>
    </ClCompile>
    <ClCompile Include="PivotPoint.cpp">
      <Filter>Source Files</Filter>
    </ClCompile>
    <ClCompile Include="Platform.cpp">
      <Filter>Source Files</Filter>
    </ClCompile>
    <ClCompile Include="SimManager.cpp">
      <Filter>Source Files</Filter>
    </ClCompile>
    <ClCompile Include="Sensor_Actuator.cpp">
      <Filter>Source Files</Filter>
    </ClCompile>
    <ClCompile Include="Sensor.cpp">
      <Filter>Source Files</Filter>
    </ClCompile>
    <ClCompile Include="Sensor_SystemProperties.cpp">
      <Filter>Source Files</Filter>
    </ClCompile>
    <ClCompile Include="SensorFactory.cpp">
      <Filter>Source Files</Filter>
    </ClCompile>
  </ItemGroup>
  <ItemGroup>
    <ClInclude Include="Settings.h">
      <Filter>Source Files</Filter>
    </ClInclude>
    <ClInclude Include="..\Framework\Framework.h">
      <Filter>_Framework</Filter>
    </ClInclude>
    <ClInclude Include="Actuator.h">
      <Filter>Source Files</Filter>
    </ClInclude>
    <ClInclude Include="SimManager.h">
      <Filter>Source Files</Filter>
    </ClInclude>
    <ClInclude Include="PivotPoint.h">
      <Filter>Source Files</Filter>
    </ClInclude>
    <ClInclude Include="Platform.h">
      <Filter>Source Files</Filter>
    </ClInclude>
    <ClInclude Include="Sensor.h">
      <Filter>Source Files</Filter>
    </ClInclude>
    <ClInclude Include="Units.h">
      <Filter>Source Files</Filter>
    </ClInclude>
    <ClInclude Include="Sensor_SystemProperties.h">
      <Filter>Source Files</Filter>
    </ClInclude>
    <ClInclude Include="SensorFactory.h">
      <Filter>Source Files</Filter>
    </ClInclude>
    <ClInclude Include="TypeDefs.h">
      <Filter>Source Files</Filter>
    </ClInclude>
    <ClInclude Include="Sensor_Actuator.h">
      <Filter>Source Files</Filter>
    </ClInclude>
  </ItemGroup>
</Project>